{
  "name": "narai",
  "version": "0.3.0",
  "lockfileVersion": 3,
  "requires": true,
  "packages": {
    "": {
      "name": "narai",
      "version": "0.3.0",
      "license": "MIT",
      "bin": {
        "narai": "src/narai.mjs"
      },
      "engines": {
        "node": ">=18"
      }
    }
  }
}
